
Microsoft Visual Studio Solution File, Format Version 12.00
# Visual Studio Version 16
VisualStudioVersion = 16.0.30621.155
MinimumVisualStudioVersion = 10.0.40219.1
Project("{FAE04EC0-301F-11D3-BF4B-00C04F79EFBC}") = "ReadWriteFromFiles", "ReadWriteFromFiles\ReadWriteFromFiles.csproj", "{9B146A02-CB19-446D-AF8F-4A205EE3F9BC}"
EndProject
Global
	GlobalSection(SolutionConfigurationPlatforms) = preSolution
		Debug|Any CPU = Debug|Any CPU
		Release|Any CPU = Release|Any CPU
	EndGlobalSection
	GlobalSection(ProjectConfigurationPlatforms) = postSolution
		{9B146A02-CB19-446D-AF8F-4A205EE3F9BC}.Debug|Any CPU.ActiveCfg = Debug|Any CPU
		{9B146A02-CB19-446D-AF8F-4A205EE3F9BC}.Debug|Any CPU.Build.0 = Debug|Any CPU
		{9B146A02-CB19-446D-AF8F-4A205EE3F9BC}.Release|Any CPU.ActiveCfg = Release|Any CPU
		{9B146A02-CB19-446D-AF8F-4A205EE3F9BC}.Release|Any CPU.Build.0 = Release|Any CPU
	EndGlobalSection
	GlobalSection(SolutionProperties) = preSolution
		HideSolutionNode = FALSE
	EndGlobalSection
	GlobalSection(ExtensibilityGlobals) = postSolution
		SolutionGuid = {BC5CE9DB-4C8C-40F5-BEB4-C26380F3C862}
	EndGlobalSection
EndGlobal
