
Microsoft Visual Studio Solution File, Format Version 12.00
# Visual Studio Version 16
VisualStudioVersion = 16.0.30804.86
MinimumVisualStudioVersion = 10.0.40219.1
Project("{FAE04EC0-301F-11D3-BF4B-00C04F79EFBC}") = "APITestingProj", "APITestingProj\APITestingProj.csproj", "{3BBC5718-5979-403F-9873-0E94E09BA871}"
EndProject
Global
	GlobalSection(SolutionConfigurationPlatforms) = preSolution
		Debug|Any CPU = Debug|Any CPU
		Release|Any CPU = Release|Any CPU
	EndGlobalSection
	GlobalSection(ProjectConfigurationPlatforms) = postSolution
		{3BBC5718-5979-403F-9873-0E94E09BA871}.Debug|Any CPU.ActiveCfg = Debug|Any CPU
		{3BBC5718-5979-403F-9873-0E94E09BA871}.Debug|Any CPU.Build.0 = Debug|Any CPU
		{3BBC5718-5979-403F-9873-0E94E09BA871}.Release|Any CPU.ActiveCfg = Release|Any CPU
		{3BBC5718-5979-403F-9873-0E94E09BA871}.Release|Any CPU.Build.0 = Release|Any CPU
	EndGlobalSection
	GlobalSection(SolutionProperties) = preSolution
		HideSolutionNode = FALSE
	EndGlobalSection
	GlobalSection(ExtensibilityGlobals) = postSolution
		SolutionGuid = {BD5B58D9-7307-4435-9201-7D14BE9BEA93}
	EndGlobalSection
EndGlobal
